
Microsoft Visual Studio Solution File, Format Version 11.00
# Visual Studio 2010
Project("{8BC9CEB8-8B4A-11D0-8D11-00A0C91BC942}") = "Vowel Check", "Vowel Check\Vowel Check.vcxproj", "{B0E5CB7E-10F7-4631-AF72-C8FD2A5FF2C4}"
EndProject
Global
	GlobalSection(SolutionConfigurationPlatforms) = preSolution
		Debug|Win32 = Debug|Win32
		Release|Win32 = Release|Win32
	EndGlobalSection
	GlobalSection(ProjectConfigurationPlatforms) = postSolution
		{B0E5CB7E-10F7-4631-AF72-C8FD2A5FF2C4}.Debug|Win32.ActiveCfg = Debug|Win32
		{B0E5CB7E-10F7-4631-AF72-C8FD2A5FF2C4}.Debug|Win32.Build.0 = Debug|Win32
		{B0E5CB7E-10F7-4631-AF72-C8FD2A5FF2C4}.Release|Win32.ActiveCfg = Release|Win32
		{B0E5CB7E-10F7-4631-AF72-C8FD2A5FF2C4}.Release|Win32.Build.0 = Release|Win32
	EndGlobalSection
	GlobalSection(SolutionProperties) = preSolution
		HideSolutionNode = FALSE
	EndGlobalSection
EndGlobal
