
Microsoft Visual Studio Solution File, Format Version 11.00
# Visual Studio 2010
Project("{8BC9CEB8-8B4A-11D0-8D11-00A0C91BC942}") = "Prog1-BinarySearchTree", "Prog1-BinarySearchTree\Prog1-BinarySearchTree.vcxproj", "{9241959F-8B60-4AF4-93B9-A61E21DACDFB}"
EndProject
Global
	GlobalSection(SolutionConfigurationPlatforms) = preSolution
		Debug|Win32 = Debug|Win32
		Release|Win32 = Release|Win32
	EndGlobalSection
	GlobalSection(ProjectConfigurationPlatforms) = postSolution
		{9241959F-8B60-4AF4-93B9-A61E21DACDFB}.Debug|Win32.ActiveCfg = Debug|Win32
		{9241959F-8B60-4AF4-93B9-A61E21DACDFB}.Debug|Win32.Build.0 = Debug|Win32
		{9241959F-8B60-4AF4-93B9-A61E21DACDFB}.Release|Win32.ActiveCfg = Release|Win32
		{9241959F-8B60-4AF4-93B9-A61E21DACDFB}.Release|Win32.Build.0 = Release|Win32
	EndGlobalSection
	GlobalSection(SolutionProperties) = preSolution
		HideSolutionNode = FALSE
	EndGlobalSection
EndGlobal
