
Microsoft Visual Studio Solution File, Format Version 11.00
# Visual Studio 2010
Project("{8BC9CEB8-8B4A-11D0-8D11-00A0C91BC942}") = "perfect number", "perfect number\perfect number.vcxproj", "{9778886F-1F35-409A-A380-A74F49B04AFE}"
EndProject
Global
	GlobalSection(SolutionConfigurationPlatforms) = preSolution
		Debug|Win32 = Debug|Win32
		Release|Win32 = Release|Win32
	EndGlobalSection
	GlobalSection(ProjectConfigurationPlatforms) = postSolution
		{9778886F-1F35-409A-A380-A74F49B04AFE}.Debug|Win32.ActiveCfg = Debug|Win32
		{9778886F-1F35-409A-A380-A74F49B04AFE}.Debug|Win32.Build.0 = Debug|Win32
		{9778886F-1F35-409A-A380-A74F49B04AFE}.Release|Win32.ActiveCfg = Release|Win32
		{9778886F-1F35-409A-A380-A74F49B04AFE}.Release|Win32.Build.0 = Release|Win32
	EndGlobalSection
	GlobalSection(SolutionProperties) = preSolution
		HideSolutionNode = FALSE
	EndGlobalSection
EndGlobal
